// !$*UTF8*$!
{
	archiveVersion = 1;
	classes = {
	};
	objectVersion = 55;
	objects = {

/* Begin PBXBuildFile section */
		49E7918629B99DD0004D958D /* AppDelegate.swift in Sources */ = {isa = PBXBuildFile; fileRef = 49E7918529B99DD0004D958D /* AppDelegate.swift */; };
		49E7918829B99DD0004D958D /* SceneDelegate.swift in Sources */ = {isa = PBXBuildFile; fileRef = 49E7918729B99DD0004D958D /* SceneDelegate.swift */; };
		49E7918A29B99DD0004D958D /* VideosViewController.swift in Sources */ = {isa = PBXBuildFile; fileRef = 49E7918929B99DD0004D958D /* VideosViewController.swift */; };
		49E7918F29B99DD3004D958D /* Assets.xcassets in Resources */ = {isa = PBXBuildFile; fileRef = 49E7918E29B99DD3004D958D /* Assets.xcassets */; };
		49E7919229B99DD3004D958D /* LaunchScreen.storyboard in Resources */ = {isa = PBXBuildFile; fileRef = 49E7919029B99DD3004D958D /* LaunchScreen.storyboard */; };
		49E7919B29B99FB0004D958D /* SnapKit-Dynamic in Frameworks */ = {isa = PBXBuildFile; productRef = 49E7919A29B99FB0004D958D /* SnapKit-Dynamic */; };
		49E7919D29B9A4BE004D958D /* VideoCollectionViewCell.swift in Sources */ = {isa = PBXBuildFile; fileRef = 49E7919C29B9A4BE004D958D /* VideoCollectionViewCell.swift */; };
		49E791A229B9A808004D958D /* Video.swift in Sources */ = {isa = PBXBuildFile; fileRef = 49E791A129B9A808004D958D /* Video.swift */; };
/* End PBXBuildFile section */

/* Begin PBXFileReference section */
		49E7918229B99DD0004D958D /* DiffableDataSourcesKodeco.app */ = {isa = PBXFileReference; explicitFileType = wrapper.application; includeInIndex = 0; path = DiffableDataSourcesKodeco.app; sourceTree = BUILT_PRODUCTS_DIR; };
		49E7918529B99DD0004D958D /* AppDelegate.swift */ = {isa = PBXFileReference; lastKnownFileType = sourcecode.swift; path = AppDelegate.swift; sourceTree = "<group>"; };
		49E7918729B99DD0004D958D /* SceneDelegate.swift */ = {isa = PBXFileReference; lastKnownFileType = sourcecode.swift; path = SceneDelegate.swift; sourceTree = "<group>"; };
		49E7918929B99DD0004D958D /* VideosViewController.swift */ = {isa = PBXFileReference; lastKnownFileType = sourcecode.swift; path = VideosViewController.swift; sourceTree = "<group>"; };
		49E7918E29B99DD3004D958D /* Assets.xcassets */ = {isa = PBXFileReference; lastKnownFileType = folder.assetcatalog; path = Assets.xcassets; sourceTree = "<group>"; };
		49E7919129B99DD3004D958D /* Base */ = {isa = PBXFileReference; lastKnownFileType = file.storyboard; name = Base; path = Base.lproj/LaunchScreen.storyboard; sourceTree = "<group>"; };
		49E7919329B99DD3004D958D /* Info.plist */ = {isa = PBXFileReference; lastKnownFileType = text.plist.xml; path = Info.plist; sourceTree = "<group>"; };
		49E7919C29B9A4BE004D958D /* VideoCollectionViewCell.swift */ = {isa = PBXFileReference; lastKnownFileType = sourcecode.swift; path = VideoCollectionViewCell.swift; sourceTree = "<group>"; };
		49E791A129B9A808004D958D /* Video.swift */ = {isa = PBXFileReference; lastKnownFileType = sourcecode.swift; path = Video.swift; sourceTree = "<group>"; };
/* End PBXFileReference section */

/* Begin PBXFrameworksBuildPhase section */
		49E7917F29B99DCF004D958D /* Frameworks */ = {
			isa = PBXFrameworksBuildPhase;
			buildActionMask = 2147483647;
			files = (
				49E7919B29B99FB0004D958D /* SnapKit-Dynamic in Frameworks */,
			);
			runOnlyForDeploymentPostprocessing = 0;
		};
/* End PBXFrameworksBuildPhase section */

/* Begin PBXGroup section */
		49E7917929B99DCF004D958D = {
			isa = PBXGroup;
			children = (
				49E7918429B99DD0004D958D /* DiffableDataSourcesKodeco */,
				49E7918329B99DD0004D958D /* Products */,
			);
			sourceTree = "<group>";
		};
		49E7918329B99DD0004D958D /* Products */ = {
			isa = PBXGroup;
			children = (
				49E7918229B99DD0004D958D /* DiffableDataSourcesKodeco.app */,
			);
			name = Products;
			sourceTree = "<group>";
		};
		49E7918429B99DD0004D958D /* DiffableDataSourcesKodeco */ = {
			isa = PBXGroup;
			children = (
				49E7919E29B9A7A9004D958D /* Delegate */,
				49E791A029B9A7C7004D958D /* Scene */,
				49E791A329B9A80B004D958D /* Model */,
				49E7919F29B9A7B2004D958D /* Resource */,
			);
			path = DiffableDataSourcesKodeco;
			sourceTree = "<group>";
		};
		49E7919E29B9A7A9004D958D /* Delegate */ = {
			isa = PBXGroup;
			children = (
				49E7918529B99DD0004D958D /* AppDelegate.swift */,
				49E7918729B99DD0004D958D /* SceneDelegate.swift */,
			);
			path = Delegate;
			sourceTree = "<group>";
		};
		49E7919F29B9A7B2004D958D /* Resource */ = {
			isa = PBXGroup;
			children = (
				49E7918E29B99DD3004D958D /* Assets.xcassets */,
				49E7919029B99DD3004D958D /* LaunchScreen.storyboard */,
				49E7919329B99DD3004D958D /* Info.plist */,
			);
			path = Resource;
			sourceTree = "<group>";
		};
		49E791A029B9A7C7004D958D /* Scene */ = {
			isa = PBXGroup;
			children = (
				49E7918929B99DD0004D958D /* VideosViewController.swift */,
				49E7919C29B9A4BE004D958D /* VideoCollectionViewCell.swift */,
			);
			path = Scene;
			sourceTree = "<group>";
		};
		49E791A329B9A80B004D958D /* Model */ = {
			isa = PBXGroup;
			children = (
				49E791A129B9A808004D958D /* Video.swift */,
			);
			path = Model;
			sourceTree = "<group>";
		};
/* End PBXGroup section */

/* Begin PBXNativeTarget section */
		49E7918129B99DCF004D958D /* DiffableDataSourcesKodeco */ = {
			isa = PBXNativeTarget;
			buildConfigurationList = 49E7919629B99DD3004D958D /* Build configuration list for PBXNativeTarget "DiffableDataSourcesKodeco" */;
			buildPhases = (
				49E7917E29B99DCF004D958D /* Sources */,
				49E7917F29B99DCF004D958D /* Frameworks */,
				49E7918029B99DCF004D958D /* Resources */,
			);
			buildRules = (
			);
			dependencies = (
			);
			name = DiffableDataSourcesKodeco;
			packageProductDependencies = (
				49E7919A29B99FB0004D958D /* SnapKit-Dynamic */,
			);
			productName = DiffableDataSourcesKodeco;
			productReference = 49E7918229B99DD0004D958D /* DiffableDataSourcesKodeco.app */;
			productType = "com.apple.product-type.application";
		};
/* End PBXNativeTarget section */

/* Begin PBXProject section */
		49E7917A29B99DCF004D958D /* Project object */ = {
			isa = PBXProject;
			attributes = {
				BuildIndependentTargetsInParallel = 1;
				LastSwiftUpdateCheck = 1340;
				LastUpgradeCheck = 1340;
				TargetAttributes = {
					49E7918129B99DCF004D958D = {
						CreatedOnToolsVersion = 13.4.1;
					};
				};
			};
			buildConfigurationList = 49E7917D29B99DCF004D958D /* Build configuration list for PBXProject "DiffableDataSourcesKodeco" */;
			compatibilityVersion = "Xcode 13.0";
			developmentRegion = en;
			hasScannedForEncodings = 0;
			knownRegions = (
				en,
				Base,
			);
			mainGroup = 49E7917929B99DCF004D958D;
			packageReferences = (
				49E7919929B99FB0004D958D /* XCRemoteSwiftPackageReference "SnapKit" */,
			);
			productRefGroup = 49E7918329B99DD0004D958D /* Products */;
			projectDirPath = "";
			projectRoot = "";
			targets = (
				49E7918129B99DCF004D958D /* DiffableDataSourcesKodeco */,
			);
		};
/* End PBXProject section */

/* Begin PBXResourcesBuildPhase section */
		49E7918029B99DCF004D958D /* Resources */ = {
			isa = PBXResourcesBuildPhase;
			buildActionMask = 2147483647;
			files = (
				49E7919229B99DD3004D958D /* LaunchScreen.storyboard in Resources */,
				49E7918F29B99DD3004D958D /* Assets.xcassets in Resources */,
			);
			runOnlyForDeploymentPostprocessing = 0;
		};
/* End PBXResourcesBuildPhase section */

/* Begin PBXSourcesBuildPhase section */
		49E7917E29B99DCF004D958D /* Sources */ = {
			isa = PBXSourcesBuildPhase;
			buildActionMask = 2147483647;
			files = (
				49E7918A29B99DD0004D958D /* VideosViewController.swift in Sources */,
				49E7918629B99DD0004D958D /* AppDelegate.swift in Sources */,
				49E7919D29B9A4BE004D958D /* VideoCollectionViewCell.swift in Sources */,
				49E7918829B99DD0004D958D /* SceneDelegate.swift in Sources */,
				49E791A229B9A808004D958D /* Video.swift in Sources */,
			);
			runOnlyForDeploymentPostprocessing = 0;
		};
/* End PBXSourcesBuildPhase section */

/* Begin PBXVariantGroup section */
		49E7919029B99DD3004D958D /* LaunchScreen.storyboard */ = {
			isa = PBXVariantGroup;
			children = (
				49E7919129B99DD3004D958D /* Base */,
			);
			name = LaunchScreen.storyboard;
			sourceTree = "<group>";
		};
/* End PBXVariantGroup section */

/* Begin XCBuildConfiguration section */
		49E7919429B99DD3004D958D /* Debug */ = {
			isa = XCBuildConfiguration;
			buildSettings = {
				ALWAYS_SEARCH_USER_PATHS = NO;
				CLANG_ANALYZER_NONNULL = YES;
				CLANG_ANALYZER_NUMBER_OBJECT_CONVERSION = YES_AGGRESSIVE;
				CLANG_CXX_LANGUAGE_STANDARD = "gnu++17";
				CLANG_ENABLE_MODULES = YES;
				CLANG_ENABLE_OBJC_ARC = YES;
				CLANG_ENABLE_OBJC_WEAK = YES;
				CLANG_WARN_BLOCK_CAPTURE_AUTORELEASING = YES;
				CLANG_WARN_BOOL_CONVERSION = YES;
				CLANG_WARN_COMMA = YES;
				CLANG_WARN_CONSTANT_CONVERSION = YES;
				CLANG_WARN_DEPRECATED_OBJC_IMPLEMENTATIONS = YES;
				CLANG_WARN_DIRECT_OBJC_ISA_USAGE = YES_ERROR;
				CLANG_WARN_DOCUMENTATION_COMMENTS = YES;
				CLANG_WARN_EMPTY_BODY = YES;
				CLANG_WARN_ENUM_CONVERSION = YES;
				CLANG_WARN_INFINITE_RECURSION = YES;
				CLANG_WARN_INT_CONVERSION = YES;
				CLANG_WARN_NON_LITERAL_NULL_CONVERSION = YES;
				CLANG_WARN_OBJC_IMPLICIT_RETAIN_SELF = YES;
				CLANG_WARN_OBJC_LITERAL_CONVERSION = YES;
				CLANG_WARN_OBJC_ROOT_CLASS = YES_ERROR;
				CLANG_WARN_QUOTED_INCLUDE_IN_FRAMEWORK_HEADER = YES;
				CLANG_WARN_RANGE_LOOP_ANALYSIS = YES;
				CLANG_WARN_STRICT_PROTOTYPES = YES;
				CLANG_WARN_SUSPICIOUS_MOVE = YES;
				CLANG_WARN_UNGUARDED_AVAILABILITY = YES_AGGRESSIVE;
				CLANG_WARN_UNREACHABLE_CODE = YES;
				CLANG_WARN__DUPLICATE_METHOD_MATCH = YES;
				COPY_PHASE_STRIP = NO;
				DEBUG_INFORMATION_FORMAT = dwarf;
				ENABLE_STRICT_OBJC_MSGSEND = YES;
				ENABLE_TESTABILITY = YES;
				GCC_C_LANGUAGE_STANDARD = gnu11;
				GCC_DYNAMIC_NO_PIC = NO;
				GCC_NO_COMMON_BLOCKS = YES;
				GCC_OPTIMIZATION_LEVEL = 0;
				GCC_PREPROCESSOR_DEFINITIONS = (
					"DEBUG=1",
					"$(inherited)",
				);
				GCC_WARN_64_TO_32_BIT_CONVERSION = YES;
				GCC_WARN_ABOUT_RETURN_TYPE = YES_ERROR;
				GCC_WARN_UNDECLARED_SELECTOR = YES;
				GCC_WARN_UNINITIALIZED_AUTOS = YES_AGGRESSIVE;
				GCC_WARN_UNUSED_FUNCTION = YES;
				GCC_WARN_UNUSED_VARIABLE = YES;
				IPHONEOS_DEPLOYMENT_TARGET = 15.5;
				MTL_ENABLE_DEBUG_INFO = INCLUDE_SOURCE;
				MTL_FAST_MATH = YES;
				ONLY_ACTIVE_ARCH = YES;
				SDKROOT = iphoneos;
				SWIFT_ACTIVE_COMPILATION_CONDITIONS = DEBUG;
				SWIFT_OPTIMIZATION_LEVEL = "-Onone";
			};
			name = Debug;
		};
		49E7919529B99DD3004D958D /* Release */ = {
			isa = XCBuildConfiguration;
			buildSettings = {
				ALWAYS_SEARCH_USER_PATHS = NO;
				CLANG_ANALYZER_NONNULL = YES;
				CLANG_ANALYZER_NUMBER_OBJECT_CONVERSION = YES_AGGRESSIVE;
				CLANG_CXX_LANGUAGE_STANDARD = "gnu++17";
				CLANG_ENABLE_MODULES = YES;
				CLANG_ENABLE_OBJC_ARC = YES;
				CLANG_ENABLE_OBJC_WEAK = YES;
				CLANG_WARN_BLOCK_CAPTURE_AUTORELEASING = YES;
				CLANG_WARN_BOOL_CONVERSION = YES;
				CLANG_WARN_COMMA = YES;
				CLANG_WARN_CONSTANT_CONVERSION = YES;
				CLANG_WARN_DEPRECATED_OBJC_IMPLEMENTATIONS = YES;
				CLANG_WARN_DIRECT_OBJC_ISA_USAGE = YES_ERROR;
				CLANG_WARN_DOCUMENTATION_COMMENTS = YES;
				CLANG_WARN_EMPTY_BODY = YES;
				CLANG_WARN_ENUM_CONVERSION = YES;
				CLANG_WARN_INFINITE_RECURSION = YES;
				CLANG_WARN_INT_CONVERSION = YES;
				CLANG_WARN_NON_LITERAL_NULL_CONVERSION = YES;
				CLANG_WARN_OBJC_IMPLICIT_RETAIN_SELF = YES;
				CLANG_WARN_OBJC_LITERAL_CONVERSION = YES;
				CLANG_WARN_OBJC_ROOT_CLASS = YES_ERROR;
				CLANG_WARN_QUOTED_INCLUDE_IN_FRAMEWORK_HEADER = YES;
				CLANG_WARN_RANGE_LOOP_ANALYSIS = YES;
				CLANG_WARN_STRICT_PROTOTYPES = YES;
				CLANG_WARN_SUSPICIOUS_MOVE = YES;
				CLANG_WARN_UNGUARDED_AVAILABILITY = YES_AGGRESSIVE;
				CLANG_WARN_UNREACHABLE_CODE = YES;
				CLANG_WARN__DUPLICATE_METHOD_MATCH = YES;
				COPY_PHASE_STRIP = NO;
				DEBUG_INFORMATION_FORMAT = "dwarf-with-dsym";
				ENABLE_NS_ASSERTIONS = NO;
				ENABLE_STRICT_OBJC_MSGSEND = YES;
				GCC_C_LANGUAGE_STANDARD = gnu11;
				GCC_NO_COMMON_BLOCKS = YES;
				GCC_WARN_64_TO_32_BIT_CONVERSION = YES;
				GCC_WARN_ABOUT_RETURN_TYPE = YES_ERROR;
				GCC_WARN_UNDECLARED_SELECTOR = YES;
				GCC_WARN_UNINITIALIZED_AUTOS = YES_AGGRESSIVE;
				GCC_WARN_UNUSED_FUNCTION = YES;
				GCC_WARN_UNUSED_VARIABLE = YES;
				IPHONEOS_DEPLOYMENT_TARGET = 15.5;
				MTL_ENABLE_DEBUG_INFO = NO;
				MTL_FAST_MATH = YES;
				SDKROOT = iphoneos;
				SWIFT_COMPILATION_MODE = wholemodule;
				SWIFT_OPTIMIZATION_LEVEL = "-O";
				VALIDATE_PRODUCT = YES;
			};
			name = Release;
		};
		49E7919729B99DD3004D958D /* Debug */ = {
			isa = XCBuildConfiguration;
			buildSettings = {
				ASSETCATALOG_COMPILER_APPICON_NAME = AppIcon;
				ASSETCATALOG_COMPILER_GLOBAL_ACCENT_COLOR_NAME = AccentColor;
				CODE_SIGN_STYLE = Automatic;
				CURRENT_PROJECT_VERSION = 1;
				DEVELOPMENT_TEAM = HDFLLXK789;
				GENERATE_INFOPLIST_FILE = YES;
				INFOPLIST_FILE = DiffableDataSourcesKodeco/Resource/Info.plist;
				INFOPLIST_KEY_UIApplicationSupportsIndirectInputEvents = YES;
				INFOPLIST_KEY_UILaunchStoryboardName = LaunchScreen;
				INFOPLIST_KEY_UIMainStoryboardFile = "";
				INFOPLIST_KEY_UISupportedInterfaceOrientations_iPad = "UIInterfaceOrientationPortrait UIInterfaceOrientationPortraitUpsideDown UIInterfaceOrientationLandscapeLeft UIInterfaceOrientationLandscapeRight";
				INFOPLIST_KEY_UISupportedInterfaceOrientations_iPhone = "UIInterfaceOrientationPortrait UIInterfaceOrientationLandscapeLeft UIInterfaceOrientationLandscapeRight";
				LD_RUNPATH_SEARCH_PATHS = (
					"$(inherited)",
					"@executable_path/Frameworks",
				);
				MARKETING_VERSION = 1.0;
				PRODUCT_BUNDLE_IDENTIFIER = com.ycompany.DiffableDataSourcesKodeco;
				PRODUCT_NAME = "$(TARGET_NAME)";
				SWIFT_EMIT_LOC_STRINGS = YES;
				SWIFT_VERSION = 5.0;
				TARGETED_DEVICE_FAMILY = "1,2";
			};
			name = Debug;
		};
		49E7919829B99DD3004D958D /* Release */ = {
			isa = XCBuildConfiguration;
			buildSettings = {
				ASSETCATALOG_COMPILER_APPICON_NAME = AppIcon;
				ASSETCATALOG_COMPILER_GLOBAL_ACCENT_COLOR_NAME = AccentColor;
				CODE_SIGN_STYLE = Automatic;
				CURRENT_PROJECT_VERSION = 1;
				DEVELOPMENT_TEAM = HDFLLXK789;
				GENERATE_INFOPLIST_FILE = YES;
				INFOPLIST_FILE = DiffableDataSourcesKodeco/Resource/Info.plist;
				INFOPLIST_KEY_UIApplicationSupportsIndirectInputEvents = YES;
				INFOPLIST_KEY_UILaunchStoryboardName = LaunchScreen;
				INFOPLIST_KEY_UIMainStoryboardFile = "";
				INFOPLIST_KEY_UISupportedInterfaceOrientations_iPad = "UIInterfaceOrientationPortrait UIInterfaceOrientationPortraitUpsideDown UIInterfaceOrientationLandscapeLeft UIInterfaceOrientationLandscapeRight";
				INFOPLIST_KEY_UISupportedInterfaceOrientations_iPhone = "UIInterfaceOrientationPortrait UIInterfaceOrientationLandscapeLeft UIInterfaceOrientationLandscapeRight";
				LD_RUNPATH_SEARCH_PATHS = (
					"$(inherited)",
					"@executable_path/Frameworks",
				);
				MARKETING_VERSION = 1.0;
				PRODUCT_BUNDLE_IDENTIFIER = com.ycompany.DiffableDataSourcesKodeco;
				PRODUCT_NAME = "$(TARGET_NAME)";
				SWIFT_EMIT_LOC_STRINGS = YES;
				SWIFT_VERSION = 5.0;
				TARGETED_DEVICE_FAMILY = "1,2";
			};
			name = Release;
		};
/* End XCBuildConfiguration section */

/* Begin XCConfigurationList section */
		49E7917D29B99DCF004D958D /* Build configuration list for PBXProject "DiffableDataSourcesKodeco" */ = {
			isa = XCConfigurationList;
			buildConfigurations = (
				49E7919429B99DD3004D958D /* Debug */,
				49E7919529B99DD3004D958D /* Release */,
			);
			defaultConfigurationIsVisible = 0;
			defaultConfigurationName = Release;
		};
		49E7919629B99DD3004D958D /* Build configuration list for PBXNativeTarget "DiffableDataSourcesKodeco" */ = {
			isa = XCConfigurationList;
			buildConfigurations = (
				49E7919729B99DD3004D958D /* Debug */,
				49E7919829B99DD3004D958D /* Release */,
			);
			defaultConfigurationIsVisible = 0;
			defaultConfigurationName = Release;
		};
/* End XCConfigurationList section */

/* Begin XCRemoteSwiftPackageReference section */
		49E7919929B99FB0004D958D /* XCRemoteSwiftPackageReference "SnapKit" */ = {
			isa = XCRemoteSwiftPackageReference;
			repositoryURL = "https://github.com/SnapKit/SnapKit.git";
			requirement = {
				branch = develop;
				kind = branch;
			};
		};
/* End XCRemoteSwiftPackageReference section */

/* Begin XCSwiftPackageProductDependency section */
		49E7919A29B99FB0004D958D /* SnapKit-Dynamic */ = {
			isa = XCSwiftPackageProductDependency;
			package = 49E7919929B99FB0004D958D /* XCRemoteSwiftPackageReference "SnapKit" */;
			productName = "SnapKit-Dynamic";
		};
/* End XCSwiftPackageProductDependency section */
	};
	rootObject = 49E7917A29B99DCF004D958D /* Project object */;
}
